
Microsoft Visual Studio Solution File, Format Version 12.00
# Visual Studio 2012
Project("{FAE04EC0-301F-11D3-BF4B-00C04F79EFBC}") = "DiningPhilosophers", "DiningPhilosophers\DiningPhilosophers.csproj", "{B98A23BD-1BB6-4CAC-B6FA-7A3A08C1D3C2}"
EndProject
Global
	GlobalSection(SolutionConfigurationPlatforms) = preSolution
		Debug|Any CPU = Debug|Any CPU
		Release|Any CPU = Release|Any CPU
	EndGlobalSection
	GlobalSection(ProjectConfigurationPlatforms) = postSolution
		{B98A23BD-1BB6-4CAC-B6FA-7A3A08C1D3C2}.Debug|Any CPU.ActiveCfg = Debug|Any CPU
		{B98A23BD-1BB6-4CAC-B6FA-7A3A08C1D3C2}.Debug|Any CPU.Build.0 = Debug|Any CPU
		{B98A23BD-1BB6-4CAC-B6FA-7A3A08C1D3C2}.Release|Any CPU.ActiveCfg = Release|Any CPU
		{B98A23BD-1BB6-4CAC-B6FA-7A3A08C1D3C2}.Release|Any CPU.Build.0 = Release|Any CPU
	EndGlobalSection
	GlobalSection(SolutionProperties) = preSolution
		HideSolutionNode = FALSE
	EndGlobalSection
EndGlobal
